PODS:
  - Flutter (1.0.0)
  - plugin_demo (0.0.1):
    - Flutter

DEPENDENCIES:
  - Flutter (from `Flutter`)
  - plugin_demo (from `.symlinks/plugins/plugin_demo/ios`)

EXTERNAL SOURCES:
  Flutter:
    :path: Flutter
  plugin_demo:
    :path: ".symlinks/plugins/plugin_demo/ios"

SPEC CHECKSUMS:
  Flutter: 0e3d915762c693b495b44d77113d4970485de6ec
  plugin_demo: 168c644dbdb26f07df7e49c22fd0c505f5370749

PODFILE CHECKSUM: 1b66dae606f75376c5f2135a8290850eeb09ae83

COCOAPODS: 1.8.4
